
Microsoft Visual Studio Solution File, Format Version 12.00
# Visual Studio 15
VisualStudioVersion = 15.0.26730.12
MinimumVisualStudioVersion = 10.0.40219.1
Project("{FAE04EC0-301F-11D3-BF4B-00C04F79EFBC}") = "JaggedArrayLib", "JaggedArrayLib\JaggedArrayLib.csproj", "{44B03738-135E-41A4-AAFE-E71D4A26F853}"
EndProject
Project("{FAE04EC0-301F-11D3-BF4B-00C04F79EFBC}") = "JaggedArrayLibTests", "JaggedArrayLibTests\JaggedArrayLibTests.csproj", "{054FB50C-9CB8-4407-B982-0FE11A9F3C28}"
EndProject
Global
	GlobalSection(SolutionConfigurationPlatforms) = preSolution
		Debug|Any CPU = Debug|Any CPU
		Release|Any CPU = Release|Any CPU
	EndGlobalSection
	GlobalSection(ProjectConfigurationPlatforms) = postSolution
		{44B03738-135E-41A4-AAFE-E71D4A26F853}.Debug|Any CPU.ActiveCfg = Debug|Any CPU
		{44B03738-135E-41A4-AAFE-E71D4A26F853}.Debug|Any CPU.Build.0 = Debug|Any CPU
		{44B03738-135E-41A4-AAFE-E71D4A26F853}.Release|Any CPU.ActiveCfg = Release|Any CPU
		{44B03738-135E-41A4-AAFE-E71D4A26F853}.Release|Any CPU.Build.0 = Release|Any CPU
		{054FB50C-9CB8-4407-B982-0FE11A9F3C28}.Debug|Any CPU.ActiveCfg = Debug|Any CPU
		{054FB50C-9CB8-4407-B982-0FE11A9F3C28}.Debug|Any CPU.Build.0 = Debug|Any CPU
		{054FB50C-9CB8-4407-B982-0FE11A9F3C28}.Release|Any CPU.ActiveCfg = Release|Any CPU
		{054FB50C-9CB8-4407-B982-0FE11A9F3C28}.Release|Any CPU.Build.0 = Release|Any CPU
	EndGlobalSection
	GlobalSection(SolutionProperties) = preSolution
		HideSolutionNode = FALSE
	EndGlobalSection
	GlobalSection(ExtensibilityGlobals) = postSolution
		SolutionGuid = {6E451FEF-00D0-43B2-9D4D-AAAFC3AFCB1D}
	EndGlobalSection
EndGlobal
